
Microsoft Visual Studio Solution File, Format Version 12.00
# Visual Studio Version 16
VisualStudioVersion = 16.0.30611.23
MinimumVisualStudioVersion = 10.0.40219.1
Project("{FAE04EC0-301F-11D3-BF4B-00C04F79EFBC}") = "IntroMVC", "IntroMVC\IntroMVC.csproj", "{C56B78C6-175B-4612-AAB8-EA5E33E706D0}"
EndProject
Global
	GlobalSection(SolutionConfigurationPlatforms) = preSolution
		Debug|Any CPU = Debug|Any CPU
		Release|Any CPU = Release|Any CPU
	EndGlobalSection
	GlobalSection(ProjectConfigurationPlatforms) = postSolution
		{C56B78C6-175B-4612-AAB8-EA5E33E706D0}.Debug|Any CPU.ActiveCfg = Debug|Any CPU
		{C56B78C6-175B-4612-AAB8-EA5E33E706D0}.Debug|Any CPU.Build.0 = Debug|Any CPU
		{C56B78C6-175B-4612-AAB8-EA5E33E706D0}.Release|Any CPU.ActiveCfg = Release|Any CPU
		{C56B78C6-175B-4612-AAB8-EA5E33E706D0}.Release|Any CPU.Build.0 = Release|Any CPU
	EndGlobalSection
	GlobalSection(SolutionProperties) = preSolution
		HideSolutionNode = FALSE
	EndGlobalSection
	GlobalSection(ExtensibilityGlobals) = postSolution
		SolutionGuid = {0C4BE995-BAFB-4F14-B126-150ED66C5FD1}
	EndGlobalSection
EndGlobal
